
Microsoft Visual Studio Solution File, Format Version 12.00
# Visual Studio Version 17
VisualStudioVersion = 17.3.32922.545
MinimumVisualStudioVersion = 10.0.40219.1
Project("{FAE04EC0-301F-11D3-BF4B-00C04F79EFBC}") = "TVmeetLauncher", "TVmeetLauncher\TVmeetLauncher.csproj", "{14927CD0-3EB1-40C9-BEA4-E309F731F097}"
EndProject
Project("{FAE04EC0-301F-11D3-BF4B-00C04F79EFBC}") = "WIN32API", "WIN32API\WIN32API.csproj", "{3E096E13-96D2-4D8D-9A2A-0AB9DAC1E20C}"
EndProject
Global
	GlobalSection(SolutionConfigurationPlatforms) = preSolution
		Debug|Any CPU = Debug|Any CPU
		Release|Any CPU = Release|Any CPU
	EndGlobalSection
	GlobalSection(ProjectConfigurationPlatforms) = postSolution
		{14927CD0-3EB1-40C9-BEA4-E309F731F097}.Debug|Any CPU.ActiveCfg = Debug|Any CPU
		{14927CD0-3EB1-40C9-BEA4-E309F731F097}.Debug|Any CPU.Build.0 = Debug|Any CPU
		{14927CD0-3EB1-40C9-BEA4-E309F731F097}.Release|Any CPU.ActiveCfg = Release|Any CPU
		{14927CD0-3EB1-40C9-BEA4-E309F731F097}.Release|Any CPU.Build.0 = Release|Any CPU
		{3E096E13-96D2-4D8D-9A2A-0AB9DAC1E20C}.Debug|Any CPU.ActiveCfg = Debug|Any CPU
		{3E096E13-96D2-4D8D-9A2A-0AB9DAC1E20C}.Debug|Any CPU.Build.0 = Debug|Any CPU
		{3E096E13-96D2-4D8D-9A2A-0AB9DAC1E20C}.Release|Any CPU.ActiveCfg = Release|Any CPU
		{3E096E13-96D2-4D8D-9A2A-0AB9DAC1E20C}.Release|Any CPU.Build.0 = Release|Any CPU
	EndGlobalSection
	GlobalSection(SolutionProperties) = preSolution
		HideSolutionNode = FALSE
	EndGlobalSection
	GlobalSection(ExtensibilityGlobals) = postSolution
		SolutionGuid = {06D3C5D6-5464-4C5E-BAD8-A8B9B021D6BF}
	EndGlobalSection
EndGlobal
